
Microsoft Visual Studio Solution File, Format Version 11.00
# Visual Studio 2010
Project("{FAE04EC0-301F-11D3-BF4B-00C04F79EFBC}") = "OpenWorldGame", "Assembly-CSharp.csproj", "{9D58404B-166E-7728-3EA1-EC2C99810755}"
EndProject
Project("{FAE04EC0-301F-11D3-BF4B-00C04F79EFBC}") = "OpenWorldGame", "Assembly-CSharp-Editor.csproj", "{B7E0AE9A-7985-0E99-D5FA-FC074206ADB8}"
EndProject
Global
	GlobalSection(SolutionConfigurationPlatforms) = preSolution
		Debug|Any CPU = Debug|Any CPU
		Release|Any CPU = Release|Any CPU
	EndGlobalSection
	GlobalSection(ProjectConfigurationPlatforms) = postSolution
		{9D58404B-166E-7728-3EA1-EC2C99810755}.Debug|Any CPU.ActiveCfg = Debug|Any CPU
		{9D58404B-166E-7728-3EA1-EC2C99810755}.Debug|Any CPU.Build.0 = Debug|Any CPU
		{9D58404B-166E-7728-3EA1-EC2C99810755}.Release|Any CPU.ActiveCfg = Release|Any CPU
		{9D58404B-166E-7728-3EA1-EC2C99810755}.Release|Any CPU.Build.0 = Release|Any CPU
		{B7E0AE9A-7985-0E99-D5FA-FC074206ADB8}.Debug|Any CPU.ActiveCfg = Debug|Any CPU
		{B7E0AE9A-7985-0E99-D5FA-FC074206ADB8}.Debug|Any CPU.Build.0 = Debug|Any CPU
		{B7E0AE9A-7985-0E99-D5FA-FC074206ADB8}.Release|Any CPU.ActiveCfg = Release|Any CPU
		{B7E0AE9A-7985-0E99-D5FA-FC074206ADB8}.Release|Any CPU.Build.0 = Release|Any CPU
	EndGlobalSection
	GlobalSection(SolutionProperties) = preSolution
		HideSolutionNode = FALSE
	EndGlobalSection
	GlobalSection(MonoDevelopProperties) = preSolution
		StartupItem = Assembly-CSharp.csproj
	EndGlobalSection
EndGlobal
